
Microsoft Visual Studio Solution File, Format Version 12.00
# Visual Studio 2013
VisualStudioVersion = 12.0.40629.0
MinimumVisualStudioVersion = 10.0.40219.1
Project("{8BC9CEB8-8B4A-11D0-8D11-00A0C91BC942}") = "helios_driver_win32", "helios_driver_win32\helios_driver_win32.vcxproj", "{DF7FD3A1-2744-4328-BE31-600AA4C50590}"
EndProject
Global
	GlobalSection(SolutionConfigurationPlatforms) = preSolution
		Debug|Win32 = Debug|Win32
		Release|Win32 = Release|Win32
	EndGlobalSection
	GlobalSection(ProjectConfigurationPlatforms) = postSolution
		{DF7FD3A1-2744-4328-BE31-600AA4C50590}.Debug|Win32.ActiveCfg = Debug|Win32
		{DF7FD3A1-2744-4328-BE31-600AA4C50590}.Debug|Win32.Build.0 = Debug|Win32
		{DF7FD3A1-2744-4328-BE31-600AA4C50590}.Release|Win32.ActiveCfg = Release|Win32
		{DF7FD3A1-2744-4328-BE31-600AA4C50590}.Release|Win32.Build.0 = Release|Win32
	EndGlobalSection
	GlobalSection(SolutionProperties) = preSolution
		HideSolutionNode = FALSE
	EndGlobalSection
EndGlobal
