
Microsoft Visual Studio Solution File, Format Version 12.00
# Visual Studio Version 17
VisualStudioVersion = 17.3.32922.545
MinimumVisualStudioVersion = 10.0.40219.1
Project("{FAE04EC0-301F-11D3-BF4B-00C04F79EFBC}") = "HeliosDac", "HeliosDac\HeliosDac.csproj", "{645844B2-9FA9-4F5A-ABF5-DA3C764047F9}"
EndProject
Project("{FAE04EC0-301F-11D3-BF4B-00C04F79EFBC}") = "HeliosDacExample", "HeliosDacExample\HeliosDacExample.csproj", "{7A94A226-E7CE-4144-9EC3-31525EE5AD90}"
EndProject
Global
	GlobalSection(SolutionConfigurationPlatforms) = preSolution
		Debug|Any CPU = Debug|Any CPU
		Release|Any CPU = Release|Any CPU
	EndGlobalSection
	GlobalSection(ProjectConfigurationPlatforms) = postSolution
		{645844B2-9FA9-4F5A-ABF5-DA3C764047F9}.Debug|Any CPU.ActiveCfg = Debug|Any CPU
		{645844B2-9FA9-4F5A-ABF5-DA3C764047F9}.Debug|Any CPU.Build.0 = Debug|Any CPU
		{645844B2-9FA9-4F5A-ABF5-DA3C764047F9}.Release|Any CPU.ActiveCfg = Release|Any CPU
		{645844B2-9FA9-4F5A-ABF5-DA3C764047F9}.Release|Any CPU.Build.0 = Release|Any CPU
		{7A94A226-E7CE-4144-9EC3-31525EE5AD90}.Debug|Any CPU.ActiveCfg = Debug|Any CPU
		{7A94A226-E7CE-4144-9EC3-31525EE5AD90}.Debug|Any CPU.Build.0 = Debug|Any CPU
		{7A94A226-E7CE-4144-9EC3-31525EE5AD90}.Release|Any CPU.ActiveCfg = Release|Any CPU
		{7A94A226-E7CE-4144-9EC3-31525EE5AD90}.Release|Any CPU.Build.0 = Release|Any CPU
	EndGlobalSection
	GlobalSection(SolutionProperties) = preSolution
		HideSolutionNode = FALSE
	EndGlobalSection
	GlobalSection(ExtensibilityGlobals) = postSolution
		SolutionGuid = {0B84EC70-F2D4-4142-A5A2-F0740F307B3E}
	EndGlobalSection
EndGlobal
